
Microsoft Visual Studio Solution File, Format Version 12.00
# Visual Studio Version 17
VisualStudioVersion = 17.4.33110.190
MinimumVisualStudioVersion = 10.0.40219.1
Project("{9A19103F-16F7-4668-BE54-9A1E7A4F7556}") = "Bookstore", "Bookstore\Bookstore.csproj", "{1A5792E3-C157-4D22-B144-C0F19A752390}"
EndProject
Project("{FAE04EC0-301F-11D3-BF4B-00C04F79EFBC}") = "BookStoreLibrary", "BookStoreLibrary\BookStoreLibrary.csproj", "{970A5EA7-1EF7-423C-AE01-D5D1E7B539FC}"
EndProject
Global
	GlobalSection(SolutionConfigurationPlatforms) = preSolution
		Debug|Any CPU = Debug|Any CPU
		Release|Any CPU = Release|Any CPU
	EndGlobalSection
	GlobalSection(ProjectConfigurationPlatforms) = postSolution
		{1A5792E3-C157-4D22-B144-C0F19A752390}.Debug|Any CPU.ActiveCfg = Debug|Any CPU
		{1A5792E3-C157-4D22-B144-C0F19A752390}.Debug|Any CPU.Build.0 = Debug|Any CPU
		{1A5792E3-C157-4D22-B144-C0F19A752390}.Release|Any CPU.ActiveCfg = Release|Any CPU
		{1A5792E3-C157-4D22-B144-C0F19A752390}.Release|Any CPU.Build.0 = Release|Any CPU
		{970A5EA7-1EF7-423C-AE01-D5D1E7B539FC}.Debug|Any CPU.ActiveCfg = Debug|Any CPU
		{970A5EA7-1EF7-423C-AE01-D5D1E7B539FC}.Debug|Any CPU.Build.0 = Debug|Any CPU
		{970A5EA7-1EF7-423C-AE01-D5D1E7B539FC}.Release|Any CPU.ActiveCfg = Release|Any CPU
		{970A5EA7-1EF7-423C-AE01-D5D1E7B539FC}.Release|Any CPU.Build.0 = Release|Any CPU
	EndGlobalSection
	GlobalSection(SolutionProperties) = preSolution
		HideSolutionNode = FALSE
	EndGlobalSection
	GlobalSection(ExtensibilityGlobals) = postSolution
		SolutionGuid = {45B5465D-12CC-443E-9824-AA11AFCC784E}
	EndGlobalSection
EndGlobal
