
Microsoft Visual Studio Solution File, Format Version 12.00
# Visual Studio Version 16
VisualStudioVersion = 16.0.31911.196
MinimumVisualStudioVersion = 10.0.40219.1
Project("{FAE04EC0-301F-11D3-BF4B-00C04F79EFBC}") = "LinqLab0Angabe", "LinqLab0Angabe.csproj", "{0D85886D-ED28-4BC6-BBFC-EABFB4250DA3}"
EndProject
Global
	GlobalSection(SolutionConfigurationPlatforms) = preSolution
		Debug|Any CPU = Debug|Any CPU
		Release|Any CPU = Release|Any CPU
	EndGlobalSection
	GlobalSection(ProjectConfigurationPlatforms) = postSolution
		{0D85886D-ED28-4BC6-BBFC-EABFB4250DA3}.Debug|Any CPU.ActiveCfg = Debug|Any CPU
		{0D85886D-ED28-4BC6-BBFC-EABFB4250DA3}.Debug|Any CPU.Build.0 = Debug|Any CPU
		{0D85886D-ED28-4BC6-BBFC-EABFB4250DA3}.Release|Any CPU.ActiveCfg = Release|Any CPU
		{0D85886D-ED28-4BC6-BBFC-EABFB4250DA3}.Release|Any CPU.Build.0 = Release|Any CPU
	EndGlobalSection
	GlobalSection(SolutionProperties) = preSolution
		HideSolutionNode = FALSE
	EndGlobalSection
	GlobalSection(ExtensibilityGlobals) = postSolution
		SolutionGuid = {221109CA-9AE2-4CDB-87E2-43CA2BC46CE1}
	EndGlobalSection
EndGlobal
